// !$*UTF8*$!
{
	archiveVersion = 1;
	classes = {
	};
	objectVersion = 56;
	objects = {

/* Begin PBXBuildFile section */
		2483980E2BE5E43D0096B9B0 /* AppDelegate.swift in Sources */ = {isa = PBXBuildFile; fileRef = 2483980D2BE5E43D0096B9B0 /* AppDelegate.swift */; };
		248398102BE5E43D0096B9B0 /* SceneDelegate.swift in Sources */ = {isa = PBXBuildFile; fileRef = 2483980F2BE5E43D0096B9B0 /* SceneDelegate.swift */; };
		248398122BE5E43D0096B9B0 /* ViewController.swift in Sources */ = {isa = PBXBuildFile; fileRef = 248398112BE5E43D0096B9B0 /* ViewController.swift */; };
		248398152BE5E43D0096B9B0 /* Base in Resources */ = {isa = PBXBuildFile; fileRef = 248398142BE5E43D0096B9B0 /* Base */; };
		248398172BE5E43E0096B9B0 /* Assets.xcassets in Resources */ = {isa = PBXBuildFile; fileRef = 248398162BE5E43E0096B9B0 /* Assets.xcassets */; };
		2483981A2BE5E43E0096B9B0 /* Base in Resources */ = {isa = PBXBuildFile; fileRef = 248398192BE5E43E0096B9B0 /* Base */; };
		248398252BE5E43E0096B9B0 /* iQuizTests.swift in Sources */ = {isa = PBXBuildFile; fileRef = 248398242BE5E43E0096B9B0 /* iQuizTests.swift */; };
		2483982F2BE5E43E0096B9B0 /* iQuizUITests.swift in Sources */ = {isa = PBXBuildFile; fileRef = 2483982E2BE5E43E0096B9B0 /* iQuizUITests.swift */; };
		248398312BE5E43E0096B9B0 /* iQuizUITestsLaunchTests.swift in Sources */ = {isa = PBXBuildFile; fileRef = 248398302BE5E43E0096B9B0 /* iQuizUITestsLaunchTests.swift */; };
/* End PBXBuildFile section */

/* Begin PBXContainerItemProxy section */
		248398212BE5E43E0096B9B0 /* PBXContainerItemProxy */ = {
			isa = PBXContainerItemProxy;
			containerPortal = 248398022BE5E43D0096B9B0 /* Project object */;
			proxyType = 1;
			remoteGlobalIDString = 248398092BE5E43D0096B9B0;
			remoteInfo = iQuiz;
		};
		2483982B2BE5E43E0096B9B0 /* PBXContainerItemProxy */ = {
			isa = PBXContainerItemProxy;
			containerPortal = 248398022BE5E43D0096B9B0 /* Project object */;
			proxyType = 1;
			remoteGlobalIDString = 248398092BE5E43D0096B9B0;
			remoteInfo = iQuiz;
		};
/* End PBXContainerItemProxy section */

/* Begin PBXFileReference section */
		2483980A2BE5E43D0096B9B0 /* iQuiz.app */ = {isa = PBXFileReference; explicitFileType = wrapper.application; includeInIndex = 0; path = iQuiz.app; sourceTree = BUILT_PRODUCTS_DIR; };
		2483980D2BE5E43D0096B9B0 /* AppDelegate.swift */ = {isa = PBXFileReference; lastKnownFileType = sourcecode.swift; path = AppDelegate.swift; sourceTree = "<group>"; };
		2483980F2BE5E43D0096B9B0 /* SceneDelegate.swift */ = {isa = PBXFileReference; lastKnownFileType = sourcecode.swift; path = SceneDelegate.swift; sourceTree = "<group>"; };
		248398112BE5E43D0096B9B0 /* ViewController.swift */ = {isa = PBXFileReference; lastKnownFileType = sourcecode.swift; path = ViewController.swift; sourceTree = "<group>"; };
		248398142BE5E43D0096B9B0 /* Base */ = {isa = PBXFileReference; lastKnownFileType = file.storyboard; name = Base; path = Base.lproj/Main.storyboard; sourceTree = "<group>"; };
		248398162BE5E43E0096B9B0 /* Assets.xcassets */ = {isa = PBXFileReference; lastKnownFileType = folder.assetcatalog; path = Assets.xcassets; sourceTree = "<group>"; };
		248398192BE5E43E0096B9B0 /* Base */ = {isa = PBXFileReference; lastKnownFileType = file.storyboard; name = Base; path = Base.lproj/LaunchScreen.storyboard; sourceTree = "<group>"; };
		2483981B2BE5E43E0096B9B0 /* Info.plist */ = {isa = PBXFileReference; lastKnownFileType = text.plist.xml; path = Info.plist; sourceTree = "<group>"; };
		248398202BE5E43E0096B9B0 /* iQuizTests.xctest */ = {isa = PBXFileReference; explicitFileType = wrapper.cfbundle; includeInIndex = 0; path = iQuizTests.xctest; sourceTree = BUILT_PRODUCTS_DIR; };
		248398242BE5E43E0096B9B0 /* iQuizTests.swift */ = {isa = PBXFileReference; lastKnownFileType = sourcecode.swift; path = iQuizTests.swift; sourceTree = "<group>"; };
		2483982A2BE5E43E0096B9B0 /* iQuizUITests.xctest */ = {isa = PBXFileReference; explicitFileType = wrapper.cfbundle; includeInIndex = 0; path = iQuizUITests.xctest; sourceTree = BUILT_PRODUCTS_DIR; };
		2483982E2BE5E43E0096B9B0 /* iQuizUITests.swift */ = {isa = PBXFileReference; lastKnownFileType = sourcecode.swift; path = iQuizUITests.swift; sourceTree = "<group>"; };
		248398302BE5E43E0096B9B0 /* iQuizUITestsLaunchTests.swift */ = {isa = PBXFileReference; lastKnownFileType = sourcecode.swift; path = iQuizUITestsLaunchTests.swift; sourceTree = "<group>"; };
/* End PBXFileReference section */

/* Begin PBXFrameworksBuildPhase section */
		248398072BE5E43D0096B9B0 /* Frameworks */ = {
			isa = PBXFrameworksBuildPhase;
			buildActionMask = 2147483647;
			files = (
			);
			runOnlyForDeploymentPostprocessing = 0;
		};
		2483981D2BE5E43E0096B9B0 /* Frameworks */ = {
			isa = PBXFrameworksBuildPhase;
			buildActionMask = 2147483647;
			files = (
			);
			runOnlyForDeploymentPostprocessing = 0;
		};
		248398272BE5E43E0096B9B0 /* Frameworks */ = {
			isa = PBXFrameworksBuildPhase;
			buildActionMask = 2147483647;
			files = (
			);
			runOnlyForDeploymentPostprocessing = 0;
		};
/* End PBXFrameworksBuildPhase section */

/* Begin PBXGroup section */
		248398012BE5E43D0096B9B0 = {
			isa = PBXGroup;
			children = (
				2483980C2BE5E43D0096B9B0 /* iQuiz */,
				248398232BE5E43E0096B9B0 /* iQuizTests */,
				2483982D2BE5E43E0096B9B0 /* iQuizUITests */,
				2483980B2BE5E43D0096B9B0 /* Products */,
			);
			sourceTree = "<group>";
		};
		2483980B2BE5E43D0096B9B0 /* Products */ = {
			isa = PBXGroup;
			children = (
				2483980A2BE5E43D0096B9B0 /* iQuiz.app */,
				248398202BE5E43E0096B9B0 /* iQuizTests.xctest */,
				2483982A2BE5E43E0096B9B0 /* iQuizUITests.xctest */,
			);
			name = Products;
			sourceTree = "<group>";
		};
		2483980C2BE5E43D0096B9B0 /* iQuiz */ = {
			isa = PBXGroup;
			children = (
				2483980D2BE5E43D0096B9B0 /* AppDelegate.swift */,
				2483980F2BE5E43D0096B9B0 /* SceneDelegate.swift */,
				248398112BE5E43D0096B9B0 /* ViewController.swift */,
				248398132BE5E43D0096B9B0 /* Main.storyboard */,
				248398162BE5E43E0096B9B0 /* Assets.xcassets */,
				248398182BE5E43E0096B9B0 /* LaunchScreen.storyboard */,
				2483981B2BE5E43E0096B9B0 /* Info.plist */,
			);
			path = iQuiz;
			sourceTree = "<group>";
		};
		248398232BE5E43E0096B9B0 /* iQuizTests */ = {
			isa = PBXGroup;
			children = (
				248398242BE5E43E0096B9B0 /* iQuizTests.swift */,
			);
			path = iQuizTests;
			sourceTree = "<group>";
		};
		2483982D2BE5E43E0096B9B0 /* iQuizUITests */ = {
			isa = PBXGroup;
			children = (
				2483982E2BE5E43E0096B9B0 /* iQuizUITests.swift */,
				248398302BE5E43E0096B9B0 /* iQuizUITestsLaunchTests.swift */,
			);
			path = iQuizUITests;
			sourceTree = "<group>";
		};
/* End PBXGroup section */

/* Begin PBXNativeTarget section */
		248398092BE5E43D0096B9B0 /* iQuiz */ = {
			isa = PBXNativeTarget;
			buildConfigurationList = 248398342BE5E43E0096B9B0 /* Build configuration list for PBXNativeTarget "iQuiz" */;
			buildPhases = (
				248398062BE5E43D0096B9B0 /* Sources */,
				248398072BE5E43D0096B9B0 /* Frameworks */,
				248398082BE5E43D0096B9B0 /* Resources */,
			);
			buildRules = (
			);
			dependencies = (
			);
			name = iQuiz;
			productName = iQuiz;
			productReference = 2483980A2BE5E43D0096B9B0 /* iQuiz.app */;
			productType = "com.apple.product-type.application";
		};
		2483981F2BE5E43E0096B9B0 /* iQuizTests */ = {
			isa = PBXNativeTarget;
			buildConfigurationList = 248398372BE5E43E0096B9B0 /* Build configuration list for PBXNativeTarget "iQuizTests" */;
			buildPhases = (
				2483981C2BE5E43E0096B9B0 /* Sources */,
				2483981D2BE5E43E0096B9B0 /* Frameworks */,
				2483981E2BE5E43E0096B9B0 /* Resources */,
			);
			buildRules = (
			);
			dependencies = (
				248398222BE5E43E0096B9B0 /* PBXTargetDependency */,
			);
			name = iQuizTests;
			productName = iQuizTests;
			productReference = 248398202BE5E43E0096B9B0 /* iQuizTests.xctest */;
			productType = "com.apple.product-type.bundle.unit-test";
		};
		248398292BE5E43E0096B9B0 /* iQuizUITests */ = {
			isa = PBXNativeTarget;
			buildConfigurationList = 2483983A2BE5E43E0096B9B0 /* Build configuration list for PBXNativeTarget "iQuizUITests" */;
			buildPhases = (
				248398262BE5E43E0096B9B0 /* Sources */,
				248398272BE5E43E0096B9B0 /* Frameworks */,
				248398282BE5E43E0096B9B0 /* Resources */,
			);
			buildRules = (
			);
			dependencies = (
				2483982C2BE5E43E0096B9B0 /* PBXTargetDependency */,
			);
			name = iQuizUITests;
			productName = iQuizUITests;
			productReference = 2483982A2BE5E43E0096B9B0 /* iQuizUITests.xctest */;
			productType = "com.apple.product-type.bundle.ui-testing";
		};
/* End PBXNativeTarget section */

/* Begin PBXProject section */
		248398022BE5E43D0096B9B0 /* Project object */ = {
			isa = PBXProject;
			attributes = {
				BuildIndependentTargetsInParallel = 1;
				LastSwiftUpdateCheck = 1530;
				LastUpgradeCheck = 1530;
				TargetAttributes = {
					248398092BE5E43D0096B9B0 = {
						CreatedOnToolsVersion = 15.3;
					};
					2483981F2BE5E43E0096B9B0 = {
						CreatedOnToolsVersion = 15.3;
						TestTargetID = 248398092BE5E43D0096B9B0;
					};
					248398292BE5E43E0096B9B0 = {
						CreatedOnToolsVersion = 15.3;
						TestTargetID = 248398092BE5E43D0096B9B0;
					};
				};
			};
			buildConfigurationList = 248398052BE5E43D0096B9B0 /* Build configuration list for PBXProject "iQuiz" */;
			compatibilityVersion = "Xcode 14.0";
			developmentRegion = en;
			hasScannedForEncodings = 0;
			knownRegions = (
				en,
				Base,
			);
			mainGroup = 248398012BE5E43D0096B9B0;
			productRefGroup = 2483980B2BE5E43D0096B9B0 /* Products */;
			projectDirPath = "";
			projectRoot = "";
			targets = (
				248398092BE5E43D0096B9B0 /* iQuiz */,
				2483981F2BE5E43E0096B9B0 /* iQuizTests */,
				248398292BE5E43E0096B9B0 /* iQuizUITests */,
			);
		};
/* End PBXProject section */

/* Begin PBXResourcesBuildPhase section */
		248398082BE5E43D0096B9B0 /* Resources */ = {
			isa = PBXResourcesBuildPhase;
			buildActionMask = 2147483647;
			files = (
				248398172BE5E43E0096B9B0 /* Assets.xcassets in Resources */,
				2483981A2BE5E43E0096B9B0 /* Base in Resources */,
				248398152BE5E43D0096B9B0 /* Base in Resources */,
			);
			runOnlyForDeploymentPostprocessing = 0;
		};
		2483981E2BE5E43E0096B9B0 /* Resources */ = {
			isa = PBXResourcesBuildPhase;
			buildActionMask = 2147483647;
			files = (
			);
			runOnlyForDeploymentPostprocessing = 0;
		};
		248398282BE5E43E0096B9B0 /* Resources */ = {
			isa = PBXResourcesBuildPhase;
			buildActionMask = 2147483647;
			files = (
			);
			runOnlyForDeploymentPostprocessing = 0;
		};
/* End PBXResourcesBuildPhase section */

/* Begin PBXSourcesBuildPhase section */
		248398062BE5E43D0096B9B0 /* Sources */ = {
			isa = PBXSourcesBuildPhase;
			buildActionMask = 2147483647;
			files = (
				248398122BE5E43D0096B9B0 /* ViewController.swift in Sources */,
				2483980E2BE5E43D0096B9B0 /* AppDelegate.swift in Sources */,
				248398102BE5E43D0096B9B0 /* SceneDelegate.swift in Sources */,
			);
			runOnlyForDeploymentPostprocessing = 0;
		};
		2483981C2BE5E43E0096B9B0 /* Sources */ = {
			isa = PBXSourcesBuildPhase;
			buildActionMask = 2147483647;
			files = (
				248398252BE5E43E0096B9B0 /* iQuizTests.swift in Sources */,
			);
			runOnlyForDeploymentPostprocessing = 0;
		};
		248398262BE5E43E0096B9B0 /* Sources */ = {
			isa = PBXSourcesBuildPhase;
			buildActionMask = 2147483647;
			files = (
				2483982F2BE5E43E0096B9B0 /* iQuizUITests.swift in Sources */,
				248398312BE5E43E0096B9B0 /* iQuizUITestsLaunchTests.swift in Sources */,
			);
			runOnlyForDeploymentPostprocessing = 0;
		};
/* End PBXSourcesBuildPhase section */

/* Begin PBXTargetDependency section */
		248398222BE5E43E0096B9B0 /* PBXTargetDependency */ = {
			isa = PBXTargetDependency;
			target = 248398092BE5E43D0096B9B0 /* iQuiz */;
			targetProxy = 248398212BE5E43E0096B9B0 /* PBXContainerItemProxy */;
		};
		2483982C2BE5E43E0096B9B0 /* PBXTargetDependency */ = {
			isa = PBXTargetDependency;
			target = 248398092BE5E43D0096B9B0 /* iQuiz */;
			targetProxy = 2483982B2BE5E43E0096B9B0 /* PBXContainerItemProxy */;
		};
/* End PBXTargetDependency section */

/* Begin PBXVariantGroup section */
		248398132BE5E43D0096B9B0 /* Main.storyboard */ = {
			isa = PBXVariantGroup;
			children = (
				248398142BE5E43D0096B9B0 /* Base */,
			);
			name = Main.storyboard;
			sourceTree = "<group>";
		};
		248398182BE5E43E0096B9B0 /* LaunchScreen.storyboard */ = {
			isa = PBXVariantGroup;
			children = (
				248398192BE5E43E0096B9B0 /* Base */,
			);
			name = LaunchScreen.storyboard;
			sourceTree = "<group>";
		};
/* End PBXVariantGroup section */

/* Begin XCBuildConfiguration section */
		248398322BE5E43E0096B9B0 /* Debug */ = {
			isa = XCBuildConfiguration;
			buildSettings = {
				ALWAYS_SEARCH_USER_PATHS = NO;
				ASSETCATALOG_COMPILER_GENERATE_SWIFT_ASSET_SYMBOL_EXTENSIONS = YES;
				CLANG_ANALYZER_NONNULL = YES;
				CLANG_ANALYZER_NUMBER_OBJECT_CONVERSION = YES_AGGRESSIVE;
				CLANG_CXX_LANGUAGE_STANDARD = "gnu++20";
				CLANG_ENABLE_MODULES = YES;
				CLANG_ENABLE_OBJC_ARC = YES;
				CLANG_ENABLE_OBJC_WEAK = YES;
				CLANG_WARN_BLOCK_CAPTURE_AUTORELEASING = YES;
				CLANG_WARN_BOOL_CONVERSION = YES;
				CLANG_WARN_COMMA = YES;
				CLANG_WARN_CONSTANT_CONVERSION = YES;
				CLANG_WARN_DEPRECATED_OBJC_IMPLEMENTATIONS = YES;
				CLANG_WARN_DIRECT_OBJC_ISA_USAGE = YES_ERROR;
				CLANG_WARN_DOCUMENTATION_COMMENTS = YES;
				CLANG_WARN_EMPTY_BODY = YES;
				CLANG_WARN_ENUM_CONVERSION = YES;
				CLANG_WARN_INFINITE_RECURSION = YES;
				CLANG_WARN_INT_CONVERSION = YES;
				CLANG_WARN_NON_LITERAL_NULL_CONVERSION = YES;
				CLANG_WARN_OBJC_IMPLICIT_RETAIN_SELF = YES;
				CLANG_WARN_OBJC_LITERAL_CONVERSION = YES;
				CLANG_WARN_OBJC_ROOT_CLASS = YES_ERROR;
				CLANG_WARN_QUOTED_INCLUDE_IN_FRAMEWORK_HEADER = YES;
				CLANG_WARN_RANGE_LOOP_ANALYSIS = YES;
				CLANG_WARN_STRICT_PROTOTYPES = YES;
				CLANG_WARN_SUSPICIOUS_MOVE = YES;
				CLANG_WARN_UNGUARDED_AVAILABILITY = YES_AGGRESSIVE;
				CLANG_WARN_UNREACHABLE_CODE = YES;
				CLANG_WARN__DUPLICATE_METHOD_MATCH = YES;
				COPY_PHASE_STRIP = NO;
				DEBUG_INFORMATION_FORMAT = dwarf;
				ENABLE_STRICT_OBJC_MSGSEND = YES;
				ENABLE_TESTABILITY = YES;
				ENABLE_USER_SCRIPT_SANDBOXING = YES;
				GCC_C_LANGUAGE_STANDARD = gnu17;
				GCC_DYNAMIC_NO_PIC = NO;
				GCC_NO_COMMON_BLOCKS = YES;
				GCC_OPTIMIZATION_LEVEL = 0;
				GCC_PREPROCESSOR_DEFINITIONS = (
					"DEBUG=1",
					"$(inherited)",
				);
				GCC_WARN_64_TO_32_BIT_CONVERSION = YES;
				GCC_WARN_ABOUT_RETURN_TYPE = YES_ERROR;
				GCC_WARN_UNDECLARED_SELECTOR = YES;
				GCC_WARN_UNINITIALIZED_AUTOS = YES_AGGRESSIVE;
				GCC_WARN_UNUSED_FUNCTION = YES;
				GCC_WARN_UNUSED_VARIABLE = YES;
				IPHONEOS_DEPLOYMENT_TARGET = 17.4;
				LOCALIZATION_PREFERS_STRING_CATALOGS = YES;
				MTL_ENABLE_DEBUG_INFO = INCLUDE_SOURCE;
				MTL_FAST_MATH = YES;
				ONLY_ACTIVE_ARCH = YES;
				SDKROOT = iphoneos;
				SWIFT_ACTIVE_COMPILATION_CONDITIONS = "DEBUG $(inherited)";
				SWIFT_OPTIMIZATION_LEVEL = "-Onone";
			};
			name = Debug;
		};
		248398332BE5E43E0096B9B0 /* Release */ = {
			isa = XCBuildConfiguration;
			buildSettings = {
				ALWAYS_SEARCH_USER_PATHS = NO;
				ASSETCATALOG_COMPILER_GENERATE_SWIFT_ASSET_SYMBOL_EXTENSIONS = YES;
				CLANG_ANALYZER_NONNULL = YES;
				CLANG_ANALYZER_NUMBER_OBJECT_CONVERSION = YES_AGGRESSIVE;
				CLANG_CXX_LANGUAGE_STANDARD = "gnu++20";
				CLANG_ENABLE_MODULES = YES;
				CLANG_ENABLE_OBJC_ARC = YES;
				CLANG_ENABLE_OBJC_WEAK = YES;
				CLANG_WARN_BLOCK_CAPTURE_AUTORELEASING = YES;
				CLANG_WARN_BOOL_CONVERSION = YES;
				CLANG_WARN_COMMA = YES;
				CLANG_WARN_CONSTANT_CONVERSION = YES;
				CLANG_WARN_DEPRECATED_OBJC_IMPLEMENTATIONS = YES;
				CLANG_WARN_DIRECT_OBJC_ISA_USAGE = YES_ERROR;
				CLANG_WARN_DOCUMENTATION_COMMENTS = YES;
				CLANG_WARN_EMPTY_BODY = YES;
				CLANG_WARN_ENUM_CONVERSION = YES;
				CLANG_WARN_INFINITE_RECURSION = YES;
				CLANG_WARN_INT_CONVERSION = YES;
				CLANG_WARN_NON_LITERAL_NULL_CONVERSION = YES;
				CLANG_WARN_OBJC_IMPLICIT_RETAIN_SELF = YES;
				CLANG_WARN_OBJC_LITERAL_CONVERSION = YES;
				CLANG_WARN_OBJC_ROOT_CLASS = YES_ERROR;
				CLANG_WARN_QUOTED_INCLUDE_IN_FRAMEWORK_HEADER = YES;
				CLANG_WARN_RANGE_LOOP_ANALYSIS = YES;
				CLANG_WARN_STRICT_PROTOTYPES = YES;
				CLANG_WARN_SUSPICIOUS_MOVE = YES;
				CLANG_WARN_UNGUARDED_AVAILABILITY = YES_AGGRESSIVE;
				CLANG_WARN_UNREACHABLE_CODE = YES;
				CLANG_WARN__DUPLICATE_METHOD_MATCH = YES;
				COPY_PHASE_STRIP = NO;
				DEBUG_INFORMATION_FORMAT = "dwarf-with-dsym";
				ENABLE_NS_ASSERTIONS = NO;
				ENABLE_STRICT_OBJC_MSGSEND = YES;
				ENABLE_USER_SCRIPT_SANDBOXING = YES;
				GCC_C_LANGUAGE_STANDARD = gnu17;
				GCC_NO_COMMON_BLOCKS = YES;
				GCC_WARN_64_TO_32_BIT_CONVERSION = YES;
				GCC_WARN_ABOUT_RETURN_TYPE = YES_ERROR;
				GCC_WARN_UNDECLARED_SELECTOR = YES;
				GCC_WARN_UNINITIALIZED_AUTOS = YES_AGGRESSIVE;
				GCC_WARN_UNUSED_FUNCTION = YES;
				GCC_WARN_UNUSED_VARIABLE = YES;
				IPHONEOS_DEPLOYMENT_TARGET = 17.4;
				LOCALIZATION_PREFERS_STRING_CATALOGS = YES;
				MTL_ENABLE_DEBUG_INFO = NO;
				MTL_FAST_MATH = YES;
				SDKROOT = iphoneos;
				SWIFT_COMPILATION_MODE = wholemodule;
				VALIDATE_PRODUCT = YES;
			};
			name = Release;
		};
		248398352BE5E43E0096B9B0 /* Debug */ = {
			isa = XCBuildConfiguration;
			buildSettings = {
				ASSETCATALOG_COMPILER_APPICON_NAME = AppIcon;
				ASSETCATALOG_COMPILER_GLOBAL_ACCENT_COLOR_NAME = AccentColor;
				CODE_SIGN_STYLE = Automatic;
				CURRENT_PROJECT_VERSION = 1;
				GENERATE_INFOPLIST_FILE = YES;
				INFOPLIST_FILE = iQuiz/Info.plist;
				INFOPLIST_KEY_UIApplicationSupportsIndirectInputEvents = YES;
				INFOPLIST_KEY_UILaunchStoryboardName = LaunchScreen;
				INFOPLIST_KEY_UIMainStoryboardFile = Main;
				INFOPLIST_KEY_UISupportedInterfaceOrientations_iPad = "UIInterfaceOrientationPortrait UIInterfaceOrientationPortraitUpsideDown UIInterfaceOrientationLandscapeLeft UIInterfaceOrientationLandscapeRight";
				INFOPLIST_KEY_UISupportedInterfaceOrientations_iPhone = "UIInterfaceOrientationPortrait UIInterfaceOrientationLandscapeLeft UIInterfaceOrientationLandscapeRight";
				LD_RUNPATH_SEARCH_PATHS = (
					"$(inherited)",
					"@executable_path/Frameworks",
				);
				MARKETING_VERSION = 1.0;
				PRODUCT_BUNDLE_IDENTIFIER = edu.uw.ischool.gehuijun.iQuiz;
				PRODUCT_NAME = "$(TARGET_NAME)";
				SWIFT_EMIT_LOC_STRINGS = YES;
				SWIFT_VERSION = 5.0;
				TARGETED_DEVICE_FAMILY = "1,2";
			};
			name = Debug;
		};
		248398362BE5E43E0096B9B0 /* Release */ = {
			isa = XCBuildConfiguration;
			buildSettings = {
				ASSETCATALOG_COMPILER_APPICON_NAME = AppIcon;
				ASSETCATALOG_COMPILER_GLOBAL_ACCENT_COLOR_NAME = AccentColor;
				CODE_SIGN_STYLE = Automatic;
				CURRENT_PROJECT_VERSION = 1;
				GENERATE_INFOPLIST_FILE = YES;
				INFOPLIST_FILE = iQuiz/Info.plist;
				INFOPLIST_KEY_UIApplicationSupportsIndirectInputEvents = YES;
				INFOPLIST_KEY_UILaunchStoryboardName = LaunchScreen;
				INFOPLIST_KEY_UIMainStoryboardFile = Main;
				INFOPLIST_KEY_UISupportedInterfaceOrientations_iPad = "UIInterfaceOrientationPortrait UIInterfaceOrientationPortraitUpsideDown UIInterfaceOrientationLandscapeLeft UIInterfaceOrientationLandscapeRight";
				INFOPLIST_KEY_UISupportedInterfaceOrientations_iPhone = "UIInterfaceOrientationPortrait UIInterfaceOrientationLandscapeLeft UIInterfaceOrientationLandscapeRight";
				LD_RUNPATH_SEARCH_PATHS = (
					"$(inherited)",
					"@executable_path/Frameworks",
				);
				MARKETING_VERSION = 1.0;
				PRODUCT_BUNDLE_IDENTIFIER = edu.uw.ischool.gehuijun.iQuiz;
				PRODUCT_NAME = "$(TARGET_NAME)";
				SWIFT_EMIT_LOC_STRINGS = YES;
				SWIFT_VERSION = 5.0;
				TARGETED_DEVICE_FAMILY = "1,2";
			};
			name = Release;
		};
		248398382BE5E43E0096B9B0 /* Debug */ = {
			isa = XCBuildConfiguration;
			buildSettings = {
				ALWAYS_EMBED_SWIFT_STANDARD_LIBRARIES = YES;
				BUNDLE_LOADER = "$(TEST_HOST)";
				CODE_SIGN_STYLE = Automatic;
				CURRENT_PROJECT_VERSION = 1;
				GENERATE_INFOPLIST_FILE = YES;
				IPHONEOS_DEPLOYMENT_TARGET = 17.4;
				MARKETING_VERSION = 1.0;
				PRODUCT_BUNDLE_IDENTIFIER = edu.uw.ischool.gehuijun.iQuizTests;
				PRODUCT_NAME = "$(TARGET_NAME)";
				SWIFT_EMIT_LOC_STRINGS = NO;
				SWIFT_VERSION = 5.0;
				TARGETED_DEVICE_FAMILY = "1,2";
				TEST_HOST = "$(BUILT_PRODUCTS_DIR)/iQuiz.app/$(BUNDLE_EXECUTABLE_FOLDER_PATH)/iQuiz";
			};
			name = Debug;
		};
		248398392BE5E43E0096B9B0 /* Release */ = {
			isa = XCBuildConfiguration;
			buildSettings = {
				ALWAYS_EMBED_SWIFT_STANDARD_LIBRARIES = YES;
				BUNDLE_LOADER = "$(TEST_HOST)";
				CODE_SIGN_STYLE = Automatic;
				CURRENT_PROJECT_VERSION = 1;
				GENERATE_INFOPLIST_FILE = YES;
				IPHONEOS_DEPLOYMENT_TARGET = 17.4;
				MARKETING_VERSION = 1.0;
				PRODUCT_BUNDLE_IDENTIFIER = edu.uw.ischool.gehuijun.iQuizTests;
				PRODUCT_NAME = "$(TARGET_NAME)";
				SWIFT_EMIT_LOC_STRINGS = NO;
				SWIFT_VERSION = 5.0;
				TARGETED_DEVICE_FAMILY = "1,2";
				TEST_HOST = "$(BUILT_PRODUCTS_DIR)/iQuiz.app/$(BUNDLE_EXECUTABLE_FOLDER_PATH)/iQuiz";
			};
			name = Release;
		};
		2483983B2BE5E43E0096B9B0 /* Debug */ = {
			isa = XCBuildConfiguration;
			buildSettings = {
				ALWAYS_EMBED_SWIFT_STANDARD_LIBRARIES = YES;
				CODE_SIGN_STYLE = Automatic;
				CURRENT_PROJECT_VERSION = 1;
				GENERATE_INFOPLIST_FILE = YES;
				MARKETING_VERSION = 1.0;
				PRODUCT_BUNDLE_IDENTIFIER = edu.uw.ischool.gehuijun.iQuizUITests;
				PRODUCT_NAME = "$(TARGET_NAME)";
				SWIFT_EMIT_LOC_STRINGS = NO;
				SWIFT_VERSION = 5.0;
				TARGETED_DEVICE_FAMILY = "1,2";
				TEST_TARGET_NAME = iQuiz;
			};
			name = Debug;
		};
		2483983C2BE5E43E0096B9B0 /* Release */ = {
			isa = XCBuildConfiguration;
			buildSettings = {
				ALWAYS_EMBED_SWIFT_STANDARD_LIBRARIES = YES;
				CODE_SIGN_STYLE = Automatic;
				CURRENT_PROJECT_VERSION = 1;
				GENERATE_INFOPLIST_FILE = YES;
				MARKETING_VERSION = 1.0;
				PRODUCT_BUNDLE_IDENTIFIER = edu.uw.ischool.gehuijun.iQuizUITests;
				PRODUCT_NAME = "$(TARGET_NAME)";
				SWIFT_EMIT_LOC_STRINGS = NO;
				SWIFT_VERSION = 5.0;
				TARGETED_DEVICE_FAMILY = "1,2";
				TEST_TARGET_NAME = iQuiz;
			};
			name = Release;
		};
/* End XCBuildConfiguration section */

/* Begin XCConfigurationList section */
		248398052BE5E43D0096B9B0 /* Build configuration list for PBXProject "iQuiz" */ = {
			isa = XCConfigurationList;
			buildConfigurations = (
				248398322BE5E43E0096B9B0 /* Debug */,
				248398332BE5E43E0096B9B0 /* Release */,
			);
			defaultConfigurationIsVisible = 0;
			defaultConfigurationName = Release;
		};
		248398342BE5E43E0096B9B0 /* Build configuration list for PBXNativeTarget "iQuiz" */ = {
			isa = XCConfigurationList;
			buildConfigurations = (
				248398352BE5E43E0096B9B0 /* Debug */,
				248398362BE5E43E0096B9B0 /* Release */,
			);
			defaultConfigurationIsVisible = 0;
			defaultConfigurationName = Release;
		};
		248398372BE5E43E0096B9B0 /* Build configuration list for PBXNativeTarget "iQuizTests" */ = {
			isa = XCConfigurationList;
			buildConfigurations = (
				248398382BE5E43E0096B9B0 /* Debug */,
				248398392BE5E43E0096B9B0 /* Release */,
			);
			defaultConfigurationIsVisible = 0;
			defaultConfigurationName = Release;
		};
		2483983A2BE5E43E0096B9B0 /* Build configuration list for PBXNativeTarget "iQuizUITests" */ = {
			isa = XCConfigurationList;
			buildConfigurations = (
				2483983B2BE5E43E0096B9B0 /* Debug */,
				2483983C2BE5E43E0096B9B0 /* Release */,
			);
			defaultConfigurationIsVisible = 0;
			defaultConfigurationName = Release;
		};
/* End XCConfigurationList section */
	};
	rootObject = 248398022BE5E43D0096B9B0 /* Project object */;
}
